
Microsoft Visual Studio Solution File, Format Version 12.00
# Visual Studio 2017
Project("{FAE04EC0-301F-11D3-BF4B-00C04F79EFBC}") = "扇子产业链V0.3_Unity_5.6.2(最终版)", "扇子产业链V0.3_Unity_5.6.2(最终版).csproj", "{FF27591F-2AAB-0C8E-FD9D-0CF5D422869B}"
EndProject
Project("{FAE04EC0-301F-11D3-BF4B-00C04F79EFBC}") = "扇子产业链V0.3_Unity_5.6.2(最终版).Editor", "扇子产业链V0.3_Unity_5.6.2(最终版).Editor.csproj", "{E8A458FA-EC62-C201-36D2-B8253B7C9026}"
EndProject
Global
	GlobalSection(SolutionConfigurationPlatforms) = preSolution
		Debug|Any CPU = Debug|Any CPU
		Release|Any CPU = Release|Any CPU
	EndGlobalSection
	GlobalSection(ProjectConfigurationPlatforms) = postSolution
		{FF27591F-2AAB-0C8E-FD9D-0CF5D422869B}.Debug|Any CPU.ActiveCfg = Debug|Any CPU
		{FF27591F-2AAB-0C8E-FD9D-0CF5D422869B}.Debug|Any CPU.Build.0 = Debug|Any CPU
		{FF27591F-2AAB-0C8E-FD9D-0CF5D422869B}.Release|Any CPU.ActiveCfg = Release|Any CPU
		{FF27591F-2AAB-0C8E-FD9D-0CF5D422869B}.Release|Any CPU.Build.0 = Release|Any CPU
		{E8A458FA-EC62-C201-36D2-B8253B7C9026}.Debug|Any CPU.ActiveCfg = Debug|Any CPU
		{E8A458FA-EC62-C201-36D2-B8253B7C9026}.Debug|Any CPU.Build.0 = Debug|Any CPU
		{E8A458FA-EC62-C201-36D2-B8253B7C9026}.Release|Any CPU.ActiveCfg = Release|Any CPU
		{E8A458FA-EC62-C201-36D2-B8253B7C9026}.Release|Any CPU.Build.0 = Release|Any CPU
	EndGlobalSection
	GlobalSection(SolutionProperties) = preSolution
		HideSolutionNode = FALSE
	EndGlobalSection
EndGlobal
